
Microsoft Visual Studio Solution File, Format Version 12.00
# Visual Studio Version 17
VisualStudioVersion = 17.5.33627.172
MinimumVisualStudioVersion = 10.0.40219.1
Project("{FAE04EC0-301F-11D3-BF4B-00C04F79EFBC}") = "TestUnitRollUp", "TestUnitRollUp\TestUnitRollUp.csproj", "{3A124CAB-48CC-4C1C-AA23-669A8DF6AC18}"
EndProject
Project("{FAE04EC0-301F-11D3-BF4B-00C04F79EFBC}") = "RollUpApp", "RollUpApp\RollUpApp.csproj", "{21D4B19F-9EE9-4334-8FBB-68E62838BD5D}"
EndProject
Global
	GlobalSection(SolutionConfigurationPlatforms) = preSolution
		Debug|Any CPU = Debug|Any CPU
		Release|Any CPU = Release|Any CPU
	EndGlobalSection
	GlobalSection(ProjectConfigurationPlatforms) = postSolution
		{3A124CAB-48CC-4C1C-AA23-669A8DF6AC18}.Debug|Any CPU.ActiveCfg = Debug|Any CPU
		{3A124CAB-48CC-4C1C-AA23-669A8DF6AC18}.Debug|Any CPU.Build.0 = Debug|Any CPU
		{3A124CAB-48CC-4C1C-AA23-669A8DF6AC18}.Release|Any CPU.ActiveCfg = Release|Any CPU
		{3A124CAB-48CC-4C1C-AA23-669A8DF6AC18}.Release|Any CPU.Build.0 = Release|Any CPU
		{21D4B19F-9EE9-4334-8FBB-68E62838BD5D}.Debug|Any CPU.ActiveCfg = Debug|Any CPU
		{21D4B19F-9EE9-4334-8FBB-68E62838BD5D}.Debug|Any CPU.Build.0 = Debug|Any CPU
		{21D4B19F-9EE9-4334-8FBB-68E62838BD5D}.Release|Any CPU.ActiveCfg = Release|Any CPU
		{21D4B19F-9EE9-4334-8FBB-68E62838BD5D}.Release|Any CPU.Build.0 = Release|Any CPU
	EndGlobalSection
	GlobalSection(SolutionProperties) = preSolution
		HideSolutionNode = FALSE
	EndGlobalSection
	GlobalSection(ExtensibilityGlobals) = postSolution
		SolutionGuid = {600D21B2-F845-4BCF-B754-63D7C59AE262}
	EndGlobalSection
EndGlobal
